
Microsoft Visual Studio Solution File, Format Version 12.00
# Visual Studio Version 17
VisualStudioVersion = 17.0.31903.59
MinimumVisualStudioVersion = 10.0.40219.1
Project("{FAE04EC0-301F-11D3-BF4B-00C04F79EFBC}") = "OnionArchitecture.Domain", "OnionArchitecture.Domain\OnionArchitecture.Domain.csproj", "{D65492F1-16F7-46F1-A743-0A2042B73E6B}"
EndProject
Project("{FAE04EC0-301F-11D3-BF4B-00C04F79EFBC}") = "OnionArchitecture.Application", "OnionArchitecture.Application\OnionArchitecture.Application.csproj", "{AADC3712-385E-4088-9D50-45F03158B8CF}"
EndProject
Project("{FAE04EC0-301F-11D3-BF4B-00C04F79EFBC}") = "OnionArchitecture.Infrastructure", "OnionArchitecture.Infrastructure\OnionArchitecture.Infrastructure.csproj", "{F5B30037-9ED9-47D0-865C-905251714D69}"
EndProject
Project("{FAE04EC0-301F-11D3-BF4B-00C04F79EFBC}") = "OnionArchitecture.API", "OnionArchitecture.API\OnionArchitecture.API.csproj", "{949E27CC-ECD4-4156-A546-1DE2FE497C0E}"
EndProject
Global
	GlobalSection(SolutionConfigurationPlatforms) = preSolution
		Debug|Any CPU = Debug|Any CPU
		Release|Any CPU = Release|Any CPU
	EndGlobalSection
	GlobalSection(SolutionProperties) = preSolution
		HideSolutionNode = FALSE
	EndGlobalSection
	GlobalSection(ProjectConfigurationPlatforms) = postSolution
		{D65492F1-16F7-46F1-A743-0A2042B73E6B}.Debug|Any CPU.ActiveCfg = Debug|Any CPU
		{D65492F1-16F7-46F1-A743-0A2042B73E6B}.Debug|Any CPU.Build.0 = Debug|Any CPU
		{D65492F1-16F7-46F1-A743-0A2042B73E6B}.Release|Any CPU.ActiveCfg = Release|Any CPU
		{D65492F1-16F7-46F1-A743-0A2042B73E6B}.Release|Any CPU.Build.0 = Release|Any CPU
		{AADC3712-385E-4088-9D50-45F03158B8CF}.Debug|Any CPU.ActiveCfg = Debug|Any CPU
		{AADC3712-385E-4088-9D50-45F03158B8CF}.Debug|Any CPU.Build.0 = Debug|Any CPU
		{AADC3712-385E-4088-9D50-45F03158B8CF}.Release|Any CPU.ActiveCfg = Release|Any CPU
		{AADC3712-385E-4088-9D50-45F03158B8CF}.Release|Any CPU.Build.0 = Release|Any CPU
		{F5B30037-9ED9-47D0-865C-905251714D69}.Debug|Any CPU.ActiveCfg = Debug|Any CPU
		{F5B30037-9ED9-47D0-865C-905251714D69}.Debug|Any CPU.Build.0 = Debug|Any CPU
		{F5B30037-9ED9-47D0-865C-905251714D69}.Release|Any CPU.ActiveCfg = Release|Any CPU
		{F5B30037-9ED9-47D0-865C-905251714D69}.Release|Any CPU.Build.0 = Release|Any CPU
		{949E27CC-ECD4-4156-A546-1DE2FE497C0E}.Debug|Any CPU.ActiveCfg = Debug|Any CPU
		{949E27CC-ECD4-4156-A546-1DE2FE497C0E}.Debug|Any CPU.Build.0 = Debug|Any CPU
		{949E27CC-ECD4-4156-A546-1DE2FE497C0E}.Release|Any CPU.ActiveCfg = Release|Any CPU
		{949E27CC-ECD4-4156-A546-1DE2FE497C0E}.Release|Any CPU.Build.0 = Release|Any CPU
	EndGlobalSection
EndGlobal
